
Microsoft Visual Studio Solution File, Format Version 12.00
# Visual Studio 14
VisualStudioVersion = 14.0.24720.0
MinimumVisualStudioVersion = 10.0.40219.1
Project("{FAE04EC0-301F-11D3-BF4B-00C04F79EFBC}") = "LeagueOfNinjas", "LeagueOfNinjas\LeagueOfNinjas.csproj", "{22CCAC6D-5F9B-4AC3-A788-2F4901561568}"
EndProject
Project("{00D1A9C2-B5F0-4AF3-8072-F6C62B433612}") = "LeagueOfNinjasDatabase", "LeagueOfNinjasDatabase\LeagueOfNinjasDatabase.sqlproj", "{DBCC4415-A667-423E-9054-EB4930AC993A}"
EndProject
Global
	GlobalSection(SolutionConfigurationPlatforms) = preSolution
		Debug|Any CPU = Debug|Any CPU
		Release|Any CPU = Release|Any CPU
	EndGlobalSection
	GlobalSection(ProjectConfigurationPlatforms) = postSolution
		{22CCAC6D-5F9B-4AC3-A788-2F4901561568}.Debug|Any CPU.ActiveCfg = Debug|Any CPU
		{22CCAC6D-5F9B-4AC3-A788-2F4901561568}.Debug|Any CPU.Build.0 = Debug|Any CPU
		{22CCAC6D-5F9B-4AC3-A788-2F4901561568}.Release|Any CPU.ActiveCfg = Release|Any CPU
		{22CCAC6D-5F9B-4AC3-A788-2F4901561568}.Release|Any CPU.Build.0 = Release|Any CPU
		{DBCC4415-A667-423E-9054-EB4930AC993A}.Debug|Any CPU.ActiveCfg = Debug|Any CPU
		{DBCC4415-A667-423E-9054-EB4930AC993A}.Debug|Any CPU.Build.0 = Debug|Any CPU
		{DBCC4415-A667-423E-9054-EB4930AC993A}.Debug|Any CPU.Deploy.0 = Debug|Any CPU
		{DBCC4415-A667-423E-9054-EB4930AC993A}.Release|Any CPU.ActiveCfg = Release|Any CPU
		{DBCC4415-A667-423E-9054-EB4930AC993A}.Release|Any CPU.Build.0 = Release|Any CPU
		{DBCC4415-A667-423E-9054-EB4930AC993A}.Release|Any CPU.Deploy.0 = Release|Any CPU
	EndGlobalSection
	GlobalSection(SolutionProperties) = preSolution
		HideSolutionNode = FALSE
	EndGlobalSection
EndGlobal
